// !$*UTF8*$!
{
	archiveVersion = 1;
	classes = {
	};
	objectVersion = 52;
	objects = {

/* Begin PBXBuildFile section */
		9C777624259DBE7E00821D8E /* GRDB in Frameworks */ = {isa = PBXBuildFile; productRef = 9C777623259DBE7E00821D8E /* GRDB */; };
		9C777629259DBEA200821D8E /* AppDatabase.swift in Sources */ = {isa = PBXBuildFile; fileRef = 9C777628259DBEA200821D8E /* AppDatabase.swift */; };
		9C77762C259DBEC000821D8E /* Persistence.swift in Sources */ = {isa = PBXBuildFile; fileRef = 9C77762B259DBEC000821D8E /* Persistence.swift */; };
		9C777630259DC5F000821D8E /* Task.swift in Sources */ = {isa = PBXBuildFile; fileRef = 9C77762F259DC5F000821D8E /* Task.swift */; };
		9C777636259DC85200821D8E /* TaskListViewModel.swift in Sources */ = {isa = PBXBuildFile; fileRef = 9C777635259DC85200821D8E /* TaskListViewModel.swift */; };
		9C77763A259DC97000821D8E /* TaskRepository.swift in Sources */ = {isa = PBXBuildFile; fileRef = 9C777639259DC97000821D8E /* TaskRepository.swift */; };
		9C777640259DD11400821D8E /* AddTaskView.swift in Sources */ = {isa = PBXBuildFile; fileRef = 9C77763F259DD11400821D8E /* AddTaskView.swift */; };
		9C777643259DD12600821D8E /* AddTaskViewModel.swift in Sources */ = {isa = PBXBuildFile; fileRef = 9C777642259DD12600821D8E /* AddTaskViewModel.swift */; };
		9C777648259DF80200821D8E /* EditTaskView.swift in Sources */ = {isa = PBXBuildFile; fileRef = 9C777647259DF80200821D8E /* EditTaskView.swift */; };
		9C77764C259DF81900821D8E /* EditTaskViewModel.swift in Sources */ = {isa = PBXBuildFile; fileRef = 9C77764B259DF81900821D8E /* EditTaskViewModel.swift */; };
		9CD69837259C35E300651338 /* ToyGRDBApp.swift in Sources */ = {isa = PBXBuildFile; fileRef = 9CD69836259C35E300651338 /* ToyGRDBApp.swift */; };
		9CD69839259C35E300651338 /* TaskListView.swift in Sources */ = {isa = PBXBuildFile; fileRef = 9CD69838259C35E300651338 /* TaskListView.swift */; };
		9CD6983B259C35E500651338 /* Assets.xcassets in Resources */ = {isa = PBXBuildFile; fileRef = 9CD6983A259C35E500651338 /* Assets.xcassets */; };
		9CD6983E259C35E500651338 /* Preview Assets.xcassets in Resources */ = {isa = PBXBuildFile; fileRef = 9CD6983D259C35E500651338 /* Preview Assets.xcassets */; };
/* End PBXBuildFile section */

/* Begin PBXFileReference section */
		9C777628259DBEA200821D8E /* AppDatabase.swift */ = {isa = PBXFileReference; lastKnownFileType = sourcecode.swift; path = AppDatabase.swift; sourceTree = "<group>"; };
		9C77762B259DBEC000821D8E /* Persistence.swift */ = {isa = PBXFileReference; lastKnownFileType = sourcecode.swift; path = Persistence.swift; sourceTree = "<group>"; };
		9C77762F259DC5F000821D8E /* Task.swift */ = {isa = PBXFileReference; lastKnownFileType = sourcecode.swift; path = Task.swift; sourceTree = "<group>"; };
		9C777635259DC85200821D8E /* TaskListViewModel.swift */ = {isa = PBXFileReference; lastKnownFileType = sourcecode.swift; path = TaskListViewModel.swift; sourceTree = "<group>"; };
		9C777639259DC97000821D8E /* TaskRepository.swift */ = {isa = PBXFileReference; lastKnownFileType = sourcecode.swift; path = TaskRepository.swift; sourceTree = "<group>"; };
		9C77763F259DD11400821D8E /* AddTaskView.swift */ = {isa = PBXFileReference; lastKnownFileType = sourcecode.swift; path = AddTaskView.swift; sourceTree = "<group>"; };
		9C777642259DD12600821D8E /* AddTaskViewModel.swift */ = {isa = PBXFileReference; lastKnownFileType = sourcecode.swift; path = AddTaskViewModel.swift; sourceTree = "<group>"; };
		9C777647259DF80200821D8E /* EditTaskView.swift */ = {isa = PBXFileReference; lastKnownFileType = sourcecode.swift; path = EditTaskView.swift; sourceTree = "<group>"; };
		9C77764B259DF81900821D8E /* EditTaskViewModel.swift */ = {isa = PBXFileReference; lastKnownFileType = sourcecode.swift; path = EditTaskViewModel.swift; sourceTree = "<group>"; };
		9CD69833259C35E300651338 /* ToyGRDB.app */ = {isa = PBXFileReference; explicitFileType = wrapper.application; includeInIndex = 0; path = ToyGRDB.app; sourceTree = BUILT_PRODUCTS_DIR; };
		9CD69836259C35E300651338 /* ToyGRDBApp.swift */ = {isa = PBXFileReference; lastKnownFileType = sourcecode.swift; path = ToyGRDBApp.swift; sourceTree = "<group>"; };
		9CD69838259C35E300651338 /* TaskListView.swift */ = {isa = PBXFileReference; lastKnownFileType = sourcecode.swift; path = TaskListView.swift; sourceTree = "<group>"; };
		9CD6983A259C35E500651338 /* Assets.xcassets */ = {isa = PBXFileReference; lastKnownFileType = folder.assetcatalog; path = Assets.xcassets; sourceTree = "<group>"; };
		9CD6983D259C35E500651338 /* Preview Assets.xcassets */ = {isa = PBXFileReference; lastKnownFileType = folder.assetcatalog; path = "Preview Assets.xcassets"; sourceTree = "<group>"; };
		9CD6983F259C35E500651338 /* Info.plist */ = {isa = PBXFileReference; lastKnownFileType = text.plist.xml; path = Info.plist; sourceTree = "<group>"; };
/* End PBXFileReference section */

/* Begin PBXFrameworksBuildPhase section */
		9CD69830259C35E300651338 /* Frameworks */ = {
			isa = PBXFrameworksBuildPhase;
			buildActionMask = 2147483647;
			files = (
				9C777624259DBE7E00821D8E /* GRDB in Frameworks */,
			);
			runOnlyForDeploymentPostprocessing = 0;
		};
/* End PBXFrameworksBuildPhase section */

/* Begin PBXGroup section */
		9C777626259DBE9100821D8E /* Persistencies */ = {
			isa = PBXGroup;
			children = (
				9C777638259DC96200821D8E /* Repositories */,
				9C777628259DBEA200821D8E /* AppDatabase.swift */,
				9C77762B259DBEC000821D8E /* Persistence.swift */,
			);
			path = Persistencies;
			sourceTree = "<group>";
		};
		9C77762E259DC5E300821D8E /* Models */ = {
			isa = PBXGroup;
			children = (
				9C77762F259DC5F000821D8E /* Task.swift */,
			);
			path = Models;
			sourceTree = "<group>";
		};
		9C777632259DC81600821D8E /* Views */ = {
			isa = PBXGroup;
			children = (
				9C777646259DF7EE00821D8E /* EditTask */,
				9C77763E259DD10200821D8E /* AddTask */,
				9C777634259DC83B00821D8E /* TaskList */,
			);
			path = Views;
			sourceTree = "<group>";
		};
		9C777634259DC83B00821D8E /* TaskList */ = {
			isa = PBXGroup;
			children = (
				9C777635259DC85200821D8E /* TaskListViewModel.swift */,
				9CD69838259C35E300651338 /* TaskListView.swift */,
			);
			path = TaskList;
			sourceTree = "<group>";
		};
		9C777638259DC96200821D8E /* Repositories */ = {
			isa = PBXGroup;
			children = (
				9C777639259DC97000821D8E /* TaskRepository.swift */,
			);
			path = Repositories;
			sourceTree = "<group>";
		};
		9C77763E259DD10200821D8E /* AddTask */ = {
			isa = PBXGroup;
			children = (
				9C777642259DD12600821D8E /* AddTaskViewModel.swift */,
				9C77763F259DD11400821D8E /* AddTaskView.swift */,
			);
			path = AddTask;
			sourceTree = "<group>";
		};
		9C777646259DF7EE00821D8E /* EditTask */ = {
			isa = PBXGroup;
			children = (
				9C777647259DF80200821D8E /* EditTaskView.swift */,
				9C77764B259DF81900821D8E /* EditTaskViewModel.swift */,
			);
			path = EditTask;
			sourceTree = "<group>";
		};
		9CD6982A259C35E300651338 = {
			isa = PBXGroup;
			children = (
				9CD69835259C35E300651338 /* ToyGRDB */,
				9CD69834259C35E300651338 /* Products */,
			);
			sourceTree = "<group>";
		};
		9CD69834259C35E300651338 /* Products */ = {
			isa = PBXGroup;
			children = (
				9CD69833259C35E300651338 /* ToyGRDB.app */,
			);
			name = Products;
			sourceTree = "<group>";
		};
		9CD69835259C35E300651338 /* ToyGRDB */ = {
			isa = PBXGroup;
			children = (
				9C777632259DC81600821D8E /* Views */,
				9C77762E259DC5E300821D8E /* Models */,
				9C777626259DBE9100821D8E /* Persistencies */,
				9CD69836259C35E300651338 /* ToyGRDBApp.swift */,
				9CD6983A259C35E500651338 /* Assets.xcassets */,
				9CD6983F259C35E500651338 /* Info.plist */,
				9CD6983C259C35E500651338 /* Preview Content */,
			);
			path = ToyGRDB;
			sourceTree = "<group>";
		};
		9CD6983C259C35E500651338 /* Preview Content */ = {
			isa = PBXGroup;
			children = (
				9CD6983D259C35E500651338 /* Preview Assets.xcassets */,
			);
			path = "Preview Content";
			sourceTree = "<group>";
		};
/* End PBXGroup section */

/* Begin PBXNativeTarget section */
		9CD69832259C35E300651338 /* ToyGRDB */ = {
			isa = PBXNativeTarget;
			buildConfigurationList = 9CD69842259C35E500651338 /* Build configuration list for PBXNativeTarget "ToyGRDB" */;
			buildPhases = (
				9CD6982F259C35E300651338 /* Sources */,
				9CD69830259C35E300651338 /* Frameworks */,
				9CD69831259C35E300651338 /* Resources */,
			);
			buildRules = (
			);
			dependencies = (
			);
			name = ToyGRDB;
			packageProductDependencies = (
				9C777623259DBE7E00821D8E /* GRDB */,
			);
			productName = ToyGRDB;
			productReference = 9CD69833259C35E300651338 /* ToyGRDB.app */;
			productType = "com.apple.product-type.application";
		};
/* End PBXNativeTarget section */

/* Begin PBXProject section */
		9CD6982B259C35E300651338 /* Project object */ = {
			isa = PBXProject;
			attributes = {
				LastSwiftUpdateCheck = 1220;
				LastUpgradeCheck = 1220;
				TargetAttributes = {
					9CD69832259C35E300651338 = {
						CreatedOnToolsVersion = 12.2;
					};
				};
			};
			buildConfigurationList = 9CD6982E259C35E300651338 /* Build configuration list for PBXProject "ToyGRDB" */;
			compatibilityVersion = "Xcode 9.3";
			developmentRegion = en;
			hasScannedForEncodings = 0;
			knownRegions = (
				en,
				Base,
			);
			mainGroup = 9CD6982A259C35E300651338;
			packageReferences = (
				9C777622259DBE7E00821D8E /* XCRemoteSwiftPackageReference "GRDB.swift" */,
			);
			productRefGroup = 9CD69834259C35E300651338 /* Products */;
			projectDirPath = "";
			projectRoot = "";
			targets = (
				9CD69832259C35E300651338 /* ToyGRDB */,
			);
		};
/* End PBXProject section */

/* Begin PBXResourcesBuildPhase section */
		9CD69831259C35E300651338 /* Resources */ = {
			isa = PBXResourcesBuildPhase;
			buildActionMask = 2147483647;
			files = (
				9CD6983E259C35E500651338 /* Preview Assets.xcassets in Resources */,
				9CD6983B259C35E500651338 /* Assets.xcassets in Resources */,
			);
			runOnlyForDeploymentPostprocessing = 0;
		};
/* End PBXResourcesBuildPhase section */

/* Begin PBXSourcesBuildPhase section */
		9CD6982F259C35E300651338 /* Sources */ = {
			isa = PBXSourcesBuildPhase;
			buildActionMask = 2147483647;
			files = (
				9C777629259DBEA200821D8E /* AppDatabase.swift in Sources */,
				9C777643259DD12600821D8E /* AddTaskViewModel.swift in Sources */,
				9C77762C259DBEC000821D8E /* Persistence.swift in Sources */,
				9C777630259DC5F000821D8E /* Task.swift in Sources */,
				9C777640259DD11400821D8E /* AddTaskView.swift in Sources */,
				9CD69839259C35E300651338 /* TaskListView.swift in Sources */,
				9CD69837259C35E300651338 /* ToyGRDBApp.swift in Sources */,
				9C777636259DC85200821D8E /* TaskListViewModel.swift in Sources */,
				9C77763A259DC97000821D8E /* TaskRepository.swift in Sources */,
				9C777648259DF80200821D8E /* EditTaskView.swift in Sources */,
				9C77764C259DF81900821D8E /* EditTaskViewModel.swift in Sources */,
			);
			runOnlyForDeploymentPostprocessing = 0;
		};
/* End PBXSourcesBuildPhase section */

/* Begin XCBuildConfiguration section */
		9CD69840259C35E500651338 /* Debug */ = {
			isa = XCBuildConfiguration;
			buildSettings = {
				ALWAYS_SEARCH_USER_PATHS = NO;
				CLANG_ANALYZER_NONNULL = YES;
				CLANG_ANALYZER_NUMBER_OBJECT_CONVERSION = YES_AGGRESSIVE;
				CLANG_CXX_LANGUAGE_STANDARD = "gnu++14";
				CLANG_CXX_LIBRARY = "libc++";
				CLANG_ENABLE_MODULES = YES;
				CLANG_ENABLE_OBJC_ARC = YES;
				CLANG_ENABLE_OBJC_WEAK = YES;
				CLANG_WARN_BLOCK_CAPTURE_AUTORELEASING = YES;
				CLANG_WARN_BOOL_CONVERSION = YES;
				CLANG_WARN_COMMA = YES;
				CLANG_WARN_CONSTANT_CONVERSION = YES;
				CLANG_WARN_DEPRECATED_OBJC_IMPLEMENTATIONS = YES;
				CLANG_WARN_DIRECT_OBJC_ISA_USAGE = YES_ERROR;
				CLANG_WARN_DOCUMENTATION_COMMENTS = YES;
				CLANG_WARN_EMPTY_BODY = YES;
				CLANG_WARN_ENUM_CONVERSION = YES;
				CLANG_WARN_INFINITE_RECURSION = YES;
				CLANG_WARN_INT_CONVERSION = YES;
				CLANG_WARN_NON_LITERAL_NULL_CONVERSION = YES;
				CLANG_WARN_OBJC_IMPLICIT_RETAIN_SELF = YES;
				CLANG_WARN_OBJC_LITERAL_CONVERSION = YES;
				CLANG_WARN_OBJC_ROOT_CLASS = YES_ERROR;
				CLANG_WARN_QUOTED_INCLUDE_IN_FRAMEWORK_HEADER = YES;
				CLANG_WARN_RANGE_LOOP_ANALYSIS = YES;
				CLANG_WARN_STRICT_PROTOTYPES = YES;
				CLANG_WARN_SUSPICIOUS_MOVE = YES;
				CLANG_WARN_UNGUARDED_AVAILABILITY = YES_AGGRESSIVE;
				CLANG_WARN_UNREACHABLE_CODE = YES;
				CLANG_WARN__DUPLICATE_METHOD_MATCH = YES;
				COPY_PHASE_STRIP = NO;
				DEBUG_INFORMATION_FORMAT = dwarf;
				ENABLE_STRICT_OBJC_MSGSEND = YES;
				ENABLE_TESTABILITY = YES;
				GCC_C_LANGUAGE_STANDARD = gnu11;
				GCC_DYNAMIC_NO_PIC = NO;
				GCC_NO_COMMON_BLOCKS = YES;
				GCC_OPTIMIZATION_LEVEL = 0;
				GCC_PREPROCESSOR_DEFINITIONS = (
					"DEBUG=1",
					"$(inherited)",
				);
				GCC_WARN_64_TO_32_BIT_CONVERSION = YES;
				GCC_WARN_ABOUT_RETURN_TYPE = YES_ERROR;
				GCC_WARN_UNDECLARED_SELECTOR = YES;
				GCC_WARN_UNINITIALIZED_AUTOS = YES_AGGRESSIVE;
				GCC_WARN_UNUSED_FUNCTION = YES;
				GCC_WARN_UNUSED_VARIABLE = YES;
				IPHONEOS_DEPLOYMENT_TARGET = 14.2;
				MTL_ENABLE_DEBUG_INFO = INCLUDE_SOURCE;
				MTL_FAST_MATH = YES;
				ONLY_ACTIVE_ARCH = YES;
				SDKROOT = iphoneos;
				SWIFT_ACTIVE_COMPILATION_CONDITIONS = DEBUG;
				SWIFT_OPTIMIZATION_LEVEL = "-Onone";
			};
			name = Debug;
		};
		9CD69841259C35E500651338 /* Release */ = {
			isa = XCBuildConfiguration;
			buildSettings = {
				ALWAYS_SEARCH_USER_PATHS = NO;
				CLANG_ANALYZER_NONNULL = YES;
				CLANG_ANALYZER_NUMBER_OBJECT_CONVERSION = YES_AGGRESSIVE;
				CLANG_CXX_LANGUAGE_STANDARD = "gnu++14";
				CLANG_CXX_LIBRARY = "libc++";
				CLANG_ENABLE_MODULES = YES;
				CLANG_ENABLE_OBJC_ARC = YES;
				CLANG_ENABLE_OBJC_WEAK = YES;
				CLANG_WARN_BLOCK_CAPTURE_AUTORELEASING = YES;
				CLANG_WARN_BOOL_CONVERSION = YES;
				CLANG_WARN_COMMA = YES;
				CLANG_WARN_CONSTANT_CONVERSION = YES;
				CLANG_WARN_DEPRECATED_OBJC_IMPLEMENTATIONS = YES;
				CLANG_WARN_DIRECT_OBJC_ISA_USAGE = YES_ERROR;
				CLANG_WARN_DOCUMENTATION_COMMENTS = YES;
				CLANG_WARN_EMPTY_BODY = YES;
				CLANG_WARN_ENUM_CONVERSION = YES;
				CLANG_WARN_INFINITE_RECURSION = YES;
				CLANG_WARN_INT_CONVERSION = YES;
				CLANG_WARN_NON_LITERAL_NULL_CONVERSION = YES;
				CLANG_WARN_OBJC_IMPLICIT_RETAIN_SELF = YES;
				CLANG_WARN_OBJC_LITERAL_CONVERSION = YES;
				CLANG_WARN_OBJC_ROOT_CLASS = YES_ERROR;
				CLANG_WARN_QUOTED_INCLUDE_IN_FRAMEWORK_HEADER = YES;
				CLANG_WARN_RANGE_LOOP_ANALYSIS = YES;
				CLANG_WARN_STRICT_PROTOTYPES = YES;
				CLANG_WARN_SUSPICIOUS_MOVE = YES;
				CLANG_WARN_UNGUARDED_AVAILABILITY = YES_AGGRESSIVE;
				CLANG_WARN_UNREACHABLE_CODE = YES;
				CLANG_WARN__DUPLICATE_METHOD_MATCH = YES;
				COPY_PHASE_STRIP = NO;
				DEBUG_INFORMATION_FORMAT = "dwarf-with-dsym";
				ENABLE_NS_ASSERTIONS = NO;
				ENABLE_STRICT_OBJC_MSGSEND = YES;
				GCC_C_LANGUAGE_STANDARD = gnu11;
				GCC_NO_COMMON_BLOCKS = YES;
				GCC_WARN_64_TO_32_BIT_CONVERSION = YES;
				GCC_WARN_ABOUT_RETURN_TYPE = YES_ERROR;
				GCC_WARN_UNDECLARED_SELECTOR = YES;
				GCC_WARN_UNINITIALIZED_AUTOS = YES_AGGRESSIVE;
				GCC_WARN_UNUSED_FUNCTION = YES;
				GCC_WARN_UNUSED_VARIABLE = YES;
				IPHONEOS_DEPLOYMENT_TARGET = 14.2;
				MTL_ENABLE_DEBUG_INFO = NO;
				MTL_FAST_MATH = YES;
				SDKROOT = iphoneos;
				SWIFT_COMPILATION_MODE = wholemodule;
				SWIFT_OPTIMIZATION_LEVEL = "-O";
				VALIDATE_PRODUCT = YES;
			};
			name = Release;
		};
		9CD69843259C35E500651338 /* Debug */ = {
			isa = XCBuildConfiguration;
			buildSettings = {
				ASSETCATALOG_COMPILER_APPICON_NAME = AppIcon;
				ASSETCATALOG_COMPILER_GLOBAL_ACCENT_COLOR_NAME = AccentColor;
				CODE_SIGN_STYLE = Automatic;
				DEVELOPMENT_ASSET_PATHS = "\"ToyGRDB/Preview Content\"";
				DEVELOPMENT_TEAM = 96ZJY6AYCD;
				ENABLE_PREVIEWS = YES;
				INFOPLIST_FILE = ToyGRDB/Info.plist;
				IPHONEOS_DEPLOYMENT_TARGET = 14.0;
				LD_RUNPATH_SEARCH_PATHS = (
					"$(inherited)",
					"@executable_path/Frameworks",
				);
				PRODUCT_BUNDLE_IDENTIFIER = com.faizmokhtar.ToyGRDB;
				PRODUCT_NAME = "$(TARGET_NAME)";
				SWIFT_VERSION = 5.0;
				TARGETED_DEVICE_FAMILY = "1,2";
			};
			name = Debug;
		};
		9CD69844259C35E500651338 /* Release */ = {
			isa = XCBuildConfiguration;
			buildSettings = {
				ASSETCATALOG_COMPILER_APPICON_NAME = AppIcon;
				ASSETCATALOG_COMPILER_GLOBAL_ACCENT_COLOR_NAME = AccentColor;
				CODE_SIGN_STYLE = Automatic;
				DEVELOPMENT_ASSET_PATHS = "\"ToyGRDB/Preview Content\"";
				DEVELOPMENT_TEAM = 96ZJY6AYCD;
				ENABLE_PREVIEWS = YES;
				INFOPLIST_FILE = ToyGRDB/Info.plist;
				IPHONEOS_DEPLOYMENT_TARGET = 14.0;
				LD_RUNPATH_SEARCH_PATHS = (
					"$(inherited)",
					"@executable_path/Frameworks",
				);
				PRODUCT_BUNDLE_IDENTIFIER = com.faizmokhtar.ToyGRDB;
				PRODUCT_NAME = "$(TARGET_NAME)";
				SWIFT_VERSION = 5.0;
				TARGETED_DEVICE_FAMILY = "1,2";
			};
			name = Release;
		};
/* End XCBuildConfiguration section */

/* Begin XCConfigurationList section */
		9CD6982E259C35E300651338 /* Build configuration list for PBXProject "ToyGRDB" */ = {
			isa = XCConfigurationList;
			buildConfigurations = (
				9CD69840259C35E500651338 /* Debug */,
				9CD69841259C35E500651338 /* Release */,
			);
			defaultConfigurationIsVisible = 0;
			defaultConfigurationName = Release;
		};
		9CD69842259C35E500651338 /* Build configuration list for PBXNativeTarget "ToyGRDB" */ = {
			isa = XCConfigurationList;
			buildConfigurations = (
				9CD69843259C35E500651338 /* Debug */,
				9CD69844259C35E500651338 /* Release */,
			);
			defaultConfigurationIsVisible = 0;
			defaultConfigurationName = Release;
		};
/* End XCConfigurationList section */

/* Begin XCRemoteSwiftPackageReference section */
		9C777622259DBE7E00821D8E /* XCRemoteSwiftPackageReference "GRDB.swift" */ = {
			isa = XCRemoteSwiftPackageReference;
			repositoryURL = "https://github.com/groue/GRDB.swift.git";
			requirement = {
				kind = upToNextMajorVersion;
				minimumVersion = 5.2.0;
			};
		};
/* End XCRemoteSwiftPackageReference section */

/* Begin XCSwiftPackageProductDependency section */
		9C777623259DBE7E00821D8E /* GRDB */ = {
			isa = XCSwiftPackageProductDependency;
			package = 9C777622259DBE7E00821D8E /* XCRemoteSwiftPackageReference "GRDB.swift" */;
			productName = GRDB;
		};
/* End XCSwiftPackageProductDependency section */
	};
	rootObject = 9CD6982B259C35E300651338 /* Project object */;
}
